
Microsoft Visual Studio Solution File, Format Version 12.00
# Visual Studio Version 16
VisualStudioVersion = 16.0.30225.117
MinimumVisualStudioVersion = 10.0.40219.1
Project("{D954291E-2A0B-460D-934E-DC6B0785DB48}") = "BugTracker.Shared", "BugTracker\BugTracker.Shared\BugTracker.Shared.shproj", "{6279C845-92F8-4333-AB99-3D213163593C}"
EndProject
Project("{FAE04EC0-301F-11D3-BF4B-00C04F79EFBC}") = "BugTracker.Droid", "BugTracker\BugTracker.Droid\BugTracker.Droid.csproj", "{E6CF4BC8-302B-4744-B71C-484CA3778FBD}"
EndProject
Project("{FAE04EC0-301F-11D3-BF4B-00C04F79EFBC}") = "BugTracker.iOS", "BugTracker\BugTracker.iOS\BugTracker.iOS.csproj", "{707CB74E-4E11-4C1A-AF66-28D9C6DFDA73}"
EndProject
Project("{FAE04EC0-301F-11D3-BF4B-00C04F79EFBC}") = "BugTracker.UWP", "BugTracker\BugTracker.UWP\BugTracker.UWP.csproj", "{05E2C579-D724-4D7C-A325-D01421D5AF3B}"
EndProject
Project("{FAE04EC0-301F-11D3-BF4B-00C04F79EFBC}") = "BugTracker.Wasm", "BugTracker\BugTracker.Wasm\BugTracker.Wasm.csproj", "{E499A41B-4DC7-45D2-8E42-3953B11D6A0D}"
EndProject
Project("{FAE04EC0-301F-11D3-BF4B-00C04F79EFBC}") = "BugTracker.macOS", "BugTracker\BugTracker.macOS\BugTracker.macOS.csproj", "{6A8199A0-CFF3-4F35-929C-0AE80B4A72C8}"
EndProject
Global
	GlobalSection(SharedMSBuildProjectFiles) = preSolution
		BugTracker\BugTracker.Shared\BugTracker.Shared.projitems*{05e2c579-d724-4d7c-a325-d01421d5af3b}*SharedItemsImports = 4
		BugTracker\BugTracker.Shared\BugTracker.Shared.projitems*{6279c845-92f8-4333-ab99-3d213163593c}*SharedItemsImports = 13
		BugTracker\BugTracker.Shared\BugTracker.Shared.projitems*{6a8199a0-cff3-4f35-929c-0ae80b4a72c8}*SharedItemsImports = 4
		BugTracker\BugTracker.Shared\BugTracker.Shared.projitems*{707cb74e-4e11-4c1a-af66-28d9c6dfda73}*SharedItemsImports = 4
		BugTracker\BugTracker.Shared\BugTracker.Shared.projitems*{e499a41b-4dc7-45d2-8e42-3953b11d6a0d}*SharedItemsImports = 5
		BugTracker\BugTracker.Shared\BugTracker.Shared.projitems*{e6cf4bc8-302b-4744-b71c-484ca3778fbd}*SharedItemsImports = 4
	EndGlobalSection
	GlobalSection(SolutionConfigurationPlatforms) = preSolution
		Ad-Hoc|Any CPU = Ad-Hoc|Any CPU
		Ad-Hoc|ARM = Ad-Hoc|ARM
		Ad-Hoc|ARM64 = Ad-Hoc|ARM64
		Ad-Hoc|iPhone = Ad-Hoc|iPhone
		Ad-Hoc|iPhoneSimulator = Ad-Hoc|iPhoneSimulator
		Ad-Hoc|x64 = Ad-Hoc|x64
		Ad-Hoc|x86 = Ad-Hoc|x86
		AppStore|Any CPU = AppStore|Any CPU
		AppStore|ARM = AppStore|ARM
		AppStore|ARM64 = AppStore|ARM64
		AppStore|iPhone = AppStore|iPhone
		AppStore|iPhoneSimulator = AppStore|iPhoneSimulator
		AppStore|x64 = AppStore|x64
		AppStore|x86 = AppStore|x86
		Debug|Any CPU = Debug|Any CPU
		Debug|ARM = Debug|ARM
		Debug|ARM64 = Debug|ARM64
		Debug|iPhone = Debug|iPhone
		Debug|iPhoneSimulator = Debug|iPhoneSimulator
		Debug|x64 = Debug|x64
		Debug|x86 = Debug|x86
		Release|Any CPU = Release|Any CPU
		Release|ARM = Release|ARM
		Release|ARM64 = Release|ARM64
		Release|iPhone = Release|iPhone
		Release|iPhoneSimulator = Release|iPhoneSimulator
		Release|x64 = Release|x64
		Release|x86 = Release|x86
	EndGlobalSection
	GlobalSection(ProjectConfigurationPlatforms) = postSolution
		{E6CF4BC8-302B-4744-B71C-484CA3778FBD}.Ad-Hoc|Any CPU.ActiveCfg = Release|Any CPU
		{E6CF4BC8-302B-4744-B71C-484CA3778FBD}.Ad-Hoc|Any CPU.Build.0 = Release|Any CPU
		{E6CF4BC8-302B-4744-B71C-484CA3778FBD}.Ad-Hoc|Any CPU.Deploy.0 = Release|Any CPU
		{E6CF4BC8-302B-4744-B71C-484CA3778FBD}.Ad-Hoc|ARM.ActiveCfg = Release|Any CPU
		{E6CF4BC8-302B-4744-B71C-484CA3778FBD}.Ad-Hoc|ARM.Build.0 = Release|Any CPU
		{E6CF4BC8-302B-4744-B71C-484CA3778FBD}.Ad-Hoc|ARM.Deploy.0 = Release|Any CPU
		{E6CF4BC8-302B-4744-B71C-484CA3778FBD}.Ad-Hoc|ARM64.ActiveCfg = Release|Any CPU
		{E6CF4BC8-302B-4744-B71C-484CA3778FBD}.Ad-Hoc|ARM64.Build.0 = Release|Any CPU
		{E6CF4BC8-302B-4744-B71C-484CA3778FBD}.Ad-Hoc|ARM64.Deploy.0 = Release|Any CPU
		{E6CF4BC8-302B-4744-B71C-484CA3778FBD}.Ad-Hoc|iPhone.ActiveCfg = Release|Any CPU
		{E6CF4BC8-302B-4744-B71C-484CA3778FBD}.Ad-Hoc|iPhone.Build.0 = Release|Any CPU
		{E6CF4BC8-302B-4744-B71C-484CA3778FBD}.Ad-Hoc|iPhone.Deploy.0 = Release|Any CPU
		{E6CF4BC8-302B-4744-B71C-484CA3778FBD}.Ad-Hoc|iPhoneSimulator.ActiveCfg = Release|Any CPU
		{E6CF4BC8-302B-4744-B71C-484CA3778FBD}.Ad-Hoc|iPhoneSimulator.Build.0 = Release|Any CPU
		{E6CF4BC8-302B-4744-B71C-484CA3778FBD}.Ad-Hoc|iPhoneSimulator.Deploy.0 = Release|Any CPU
		{E6CF4BC8-302B-4744-B71C-484CA3778FBD}.Ad-Hoc|x64.ActiveCfg = Release|Any CPU
		{E6CF4BC8-302B-4744-B71C-484CA3778FBD}.Ad-Hoc|x64.Build.0 = Release|Any CPU
		{E6CF4BC8-302B-4744-B71C-484CA3778FBD}.Ad-Hoc|x64.Deploy.0 = Release|Any CPU
		{E6CF4BC8-302B-4744-B71C-484CA3778FBD}.Ad-Hoc|x86.ActiveCfg = Release|Any CPU
		{E6CF4BC8-302B-4744-B71C-484CA3778FBD}.Ad-Hoc|x86.Build.0 = Release|Any CPU
		{E6CF4BC8-302B-4744-B71C-484CA3778FBD}.Ad-Hoc|x86.Deploy.0 = Release|Any CPU
		{E6CF4BC8-302B-4744-B71C-484CA3778FBD}.AppStore|Any CPU.ActiveCfg = Release|Any CPU
		{E6CF4BC8-302B-4744-B71C-484CA3778FBD}.AppStore|Any CPU.Build.0 = Release|Any CPU
		{E6CF4BC8-302B-4744-B71C-484CA3778FBD}.AppStore|Any CPU.Deploy.0 = Release|Any CPU
		{E6CF4BC8-302B-4744-B71C-484CA3778FBD}.AppStore|ARM.ActiveCfg = Release|Any CPU
		{E6CF4BC8-302B-4744-B71C-484CA3778FBD}.AppStore|ARM.Build.0 = Release|Any CPU
		{E6CF4BC8-302B-4744-B71C-484CA3778FBD}.AppStore|ARM.Deploy.0 = Release|Any CPU
		{E6CF4BC8-302B-4744-B71C-484CA3778FBD}.AppStore|ARM64.ActiveCfg = Release|Any CPU
		{E6CF4BC8-302B-4744-B71C-484CA3778FBD}.AppStore|ARM64.Build.0 = Release|Any CPU
		{E6CF4BC8-302B-4744-B71C-484CA3778FBD}.AppStore|ARM64.Deploy.0 = Release|Any CPU
		{E6CF4BC8-302B-4744-B71C-484CA3778FBD}.AppStore|iPhone.ActiveCfg = Release|Any CPU
		{E6CF4BC8-302B-4744-B71C-484CA3778FBD}.AppStore|iPhone.Build.0 = Release|Any CPU
		{E6CF4BC8-302B-4744-B71C-484CA3778FBD}.AppStore|iPhone.Deploy.0 = Release|Any CPU
		{E6CF4BC8-302B-4744-B71C-484CA3778FBD}.AppStore|iPhoneSimulator.ActiveCfg = Release|Any CPU
		{E6CF4BC8-302B-4744-B71C-484CA3778FBD}.AppStore|iPhoneSimulator.Build.0 = Release|Any CPU
		{E6CF4BC8-302B-4744-B71C-484CA3778FBD}.AppStore|iPhoneSimulator.Deploy.0 = Release|Any CPU
		{E6CF4BC8-302B-4744-B71C-484CA3778FBD}.AppStore|x64.ActiveCfg = Release|Any CPU
		{E6CF4BC8-302B-4744-B71C-484CA3778FBD}.AppStore|x64.Build.0 = Release|Any CPU
		{E6CF4BC8-302B-4744-B71C-484CA3778FBD}.AppStore|x64.Deploy.0 = Release|Any CPU
		{E6CF4BC8-302B-4744-B71C-484CA3778FBD}.AppStore|x86.ActiveCfg = Release|Any CPU
		{E6CF4BC8-302B-4744-B71C-484CA3778FBD}.AppStore|x86.Build.0 = Release|Any CPU
		{E6CF4BC8-302B-4744-B71C-484CA3778FBD}.AppStore|x86.Deploy.0 = Release|Any CPU
		{E6CF4BC8-302B-4744-B71C-484CA3778FBD}.Debug|Any CPU.ActiveCfg = Debug|Any CPU
		{E6CF4BC8-302B-4744-B71C-484CA3778FBD}.Debug|Any CPU.Build.0 = Debug|Any CPU
		{E6CF4BC8-302B-4744-B71C-484CA3778FBD}.Debug|Any CPU.Deploy.0 = Debug|Any CPU
		{E6CF4BC8-302B-4744-B71C-484CA3778FBD}.Debug|ARM.ActiveCfg = Debug|Any CPU
		{E6CF4BC8-302B-4744-B71C-484CA3778FBD}.Debug|ARM.Build.0 = Debug|Any CPU
		{E6CF4BC8-302B-4744-B71C-484CA3778FBD}.Debug|ARM.Deploy.0 = Debug|Any CPU
		{E6CF4BC8-302B-4744-B71C-484CA3778FBD}.Debug|ARM64.ActiveCfg = Debug|Any CPU
		{E6CF4BC8-302B-4744-B71C-484CA3778FBD}.Debug|ARM64.Build.0 = Debug|Any CPU
		{E6CF4BC8-302B-4744-B71C-484CA3778FBD}.Debug|ARM64.Deploy.0 = Debug|Any CPU
		{E6CF4BC8-302B-4744-B71C-484CA3778FBD}.Debug|iPhone.ActiveCfg = Debug|Any CPU
		{E6CF4BC8-302B-4744-B71C-484CA3778FBD}.Debug|iPhone.Build.0 = Debug|Any CPU
		{E6CF4BC8-302B-4744-B71C-484CA3778FBD}.Debug|iPhone.Deploy.0 = Debug|Any CPU
		{E6CF4BC8-302B-4744-B71C-484CA3778FBD}.Debug|iPhoneSimulator.ActiveCfg = Debug|Any CPU
		{E6CF4BC8-302B-4744-B71C-484CA3778FBD}.Debug|iPhoneSimulator.Build.0 = Debug|Any CPU
		{E6CF4BC8-302B-4744-B71C-484CA3778FBD}.Debug|iPhoneSimulator.Deploy.0 = Debug|Any CPU
		{E6CF4BC8-302B-4744-B71C-484CA3778FBD}.Debug|x64.ActiveCfg = Debug|Any CPU
		{E6CF4BC8-302B-4744-B71C-484CA3778FBD}.Debug|x64.Build.0 = Debug|Any CPU
		{E6CF4BC8-302B-4744-B71C-484CA3778FBD}.Debug|x64.Deploy.0 = Debug|Any CPU
		{E6CF4BC8-302B-4744-B71C-484CA3778FBD}.Debug|x86.ActiveCfg = Debug|Any CPU
		{E6CF4BC8-302B-4744-B71C-484CA3778FBD}.Debug|x86.Build.0 = Debug|Any CPU
		{E6CF4BC8-302B-4744-B71C-484CA3778FBD}.Debug|x86.Deploy.0 = Debug|Any CPU
		{E6CF4BC8-302B-4744-B71C-484CA3778FBD}.Release|Any CPU.ActiveCfg = Release|Any CPU
		{E6CF4BC8-302B-4744-B71C-484CA3778FBD}.Release|Any CPU.Build.0 = Release|Any CPU
		{E6CF4BC8-302B-4744-B71C-484CA3778FBD}.Release|Any CPU.Deploy.0 = Release|Any CPU
		{E6CF4BC8-302B-4744-B71C-484CA3778FBD}.Release|ARM.ActiveCfg = Release|Any CPU
		{E6CF4BC8-302B-4744-B71C-484CA3778FBD}.Release|ARM.Build.0 = Release|Any CPU
		{E6CF4BC8-302B-4744-B71C-484CA3778FBD}.Release|ARM.Deploy.0 = Release|Any CPU
		{E6CF4BC8-302B-4744-B71C-484CA3778FBD}.Release|ARM64.ActiveCfg = Release|Any CPU
		{E6CF4BC8-302B-4744-B71C-484CA3778FBD}.Release|ARM64.Build.0 = Release|Any CPU
		{E6CF4BC8-302B-4744-B71C-484CA3778FBD}.Release|ARM64.Deploy.0 = Release|Any CPU
		{E6CF4BC8-302B-4744-B71C-484CA3778FBD}.Release|iPhone.ActiveCfg = Release|Any CPU
		{E6CF4BC8-302B-4744-B71C-484CA3778FBD}.Release|iPhone.Build.0 = Release|Any CPU
		{E6CF4BC8-302B-4744-B71C-484CA3778FBD}.Release|iPhone.Deploy.0 = Release|Any CPU
		{E6CF4BC8-302B-4744-B71C-484CA3778FBD}.Release|iPhoneSimulator.ActiveCfg = Release|Any CPU
		{E6CF4BC8-302B-4744-B71C-484CA3778FBD}.Release|iPhoneSimulator.Build.0 = Release|Any CPU
		{E6CF4BC8-302B-4744-B71C-484CA3778FBD}.Release|iPhoneSimulator.Deploy.0 = Release|Any CPU
		{E6CF4BC8-302B-4744-B71C-484CA3778FBD}.Release|x64.ActiveCfg = Release|Any CPU
		{E6CF4BC8-302B-4744-B71C-484CA3778FBD}.Release|x64.Build.0 = Release|Any CPU
		{E6CF4BC8-302B-4744-B71C-484CA3778FBD}.Release|x64.Deploy.0 = Release|Any CPU
		{E6CF4BC8-302B-4744-B71C-484CA3778FBD}.Release|x86.ActiveCfg = Release|Any CPU
		{E6CF4BC8-302B-4744-B71C-484CA3778FBD}.Release|x86.Build.0 = Release|Any CPU
		{E6CF4BC8-302B-4744-B71C-484CA3778FBD}.Release|x86.Deploy.0 = Release|Any CPU
		{707CB74E-4E11-4C1A-AF66-28D9C6DFDA73}.Ad-Hoc|Any CPU.ActiveCfg = Ad-Hoc|iPhone
		{707CB74E-4E11-4C1A-AF66-28D9C6DFDA73}.Ad-Hoc|ARM.ActiveCfg = Ad-Hoc|iPhone
		{707CB74E-4E11-4C1A-AF66-28D9C6DFDA73}.Ad-Hoc|ARM64.ActiveCfg = Ad-Hoc|iPhone
		{707CB74E-4E11-4C1A-AF66-28D9C6DFDA73}.Ad-Hoc|iPhone.ActiveCfg = Ad-Hoc|iPhone
		{707CB74E-4E11-4C1A-AF66-28D9C6DFDA73}.Ad-Hoc|iPhone.Build.0 = Ad-Hoc|iPhone
		{707CB74E-4E11-4C1A-AF66-28D9C6DFDA73}.Ad-Hoc|iPhoneSimulator.ActiveCfg = Ad-Hoc|iPhoneSimulator
		{707CB74E-4E11-4C1A-AF66-28D9C6DFDA73}.Ad-Hoc|iPhoneSimulator.Build.0 = Ad-Hoc|iPhoneSimulator
		{707CB74E-4E11-4C1A-AF66-28D9C6DFDA73}.Ad-Hoc|x64.ActiveCfg = Ad-Hoc|iPhone
		{707CB74E-4E11-4C1A-AF66-28D9C6DFDA73}.Ad-Hoc|x86.ActiveCfg = Ad-Hoc|iPhone
		{707CB74E-4E11-4C1A-AF66-28D9C6DFDA73}.AppStore|Any CPU.ActiveCfg = AppStore|iPhone
		{707CB74E-4E11-4C1A-AF66-28D9C6DFDA73}.AppStore|ARM.ActiveCfg = AppStore|iPhone
		{707CB74E-4E11-4C1A-AF66-28D9C6DFDA73}.AppStore|ARM64.ActiveCfg = AppStore|iPhone
		{707CB74E-4E11-4C1A-AF66-28D9C6DFDA73}.AppStore|iPhone.ActiveCfg = AppStore|iPhone
		{707CB74E-4E11-4C1A-AF66-28D9C6DFDA73}.AppStore|iPhone.Build.0 = AppStore|iPhone
		{707CB74E-4E11-4C1A-AF66-28D9C6DFDA73}.AppStore|iPhoneSimulator.ActiveCfg = AppStore|iPhoneSimulator
		{707CB74E-4E11-4C1A-AF66-28D9C6DFDA73}.AppStore|iPhoneSimulator.Build.0 = AppStore|iPhoneSimulator
		{707CB74E-4E11-4C1A-AF66-28D9C6DFDA73}.AppStore|x64.ActiveCfg = AppStore|iPhone
		{707CB74E-4E11-4C1A-AF66-28D9C6DFDA73}.AppStore|x86.ActiveCfg = AppStore|iPhone
		{707CB74E-4E11-4C1A-AF66-28D9C6DFDA73}.Debug|Any CPU.ActiveCfg = Debug|iPhone
		{707CB74E-4E11-4C1A-AF66-28D9C6DFDA73}.Debug|ARM.ActiveCfg = Debug|iPhone
		{707CB74E-4E11-4C1A-AF66-28D9C6DFDA73}.Debug|ARM64.ActiveCfg = Debug|iPhone
		{707CB74E-4E11-4C1A-AF66-28D9C6DFDA73}.Debug|iPhone.ActiveCfg = Debug|iPhone
		{707CB74E-4E11-4C1A-AF66-28D9C6DFDA73}.Debug|iPhone.Build.0 = Debug|iPhone
		{707CB74E-4E11-4C1A-AF66-28D9C6DFDA73}.Debug|iPhoneSimulator.ActiveCfg = Debug|iPhoneSimulator
		{707CB74E-4E11-4C1A-AF66-28D9C6DFDA73}.Debug|iPhoneSimulator.Build.0 = Debug|iPhoneSimulator
		{707CB74E-4E11-4C1A-AF66-28D9C6DFDA73}.Debug|x64.ActiveCfg = Debug|iPhone
		{707CB74E-4E11-4C1A-AF66-28D9C6DFDA73}.Debug|x86.ActiveCfg = Debug|iPhone
		{707CB74E-4E11-4C1A-AF66-28D9C6DFDA73}.Release|Any CPU.ActiveCfg = Release|iPhone
		{707CB74E-4E11-4C1A-AF66-28D9C6DFDA73}.Release|ARM.ActiveCfg = Release|iPhone
		{707CB74E-4E11-4C1A-AF66-28D9C6DFDA73}.Release|ARM64.ActiveCfg = Release|iPhone
		{707CB74E-4E11-4C1A-AF66-28D9C6DFDA73}.Release|iPhone.ActiveCfg = Release|iPhone
		{707CB74E-4E11-4C1A-AF66-28D9C6DFDA73}.Release|iPhone.Build.0 = Release|iPhone
		{707CB74E-4E11-4C1A-AF66-28D9C6DFDA73}.Release|iPhoneSimulator.ActiveCfg = Release|iPhoneSimulator
		{707CB74E-4E11-4C1A-AF66-28D9C6DFDA73}.Release|iPhoneSimulator.Build.0 = Release|iPhoneSimulator
		{707CB74E-4E11-4C1A-AF66-28D9C6DFDA73}.Release|x64.ActiveCfg = Release|iPhone
		{707CB74E-4E11-4C1A-AF66-28D9C6DFDA73}.Release|x86.ActiveCfg = Release|iPhone
		{05E2C579-D724-4D7C-A325-D01421D5AF3B}.Ad-Hoc|Any CPU.ActiveCfg = Release|x64
		{05E2C579-D724-4D7C-A325-D01421D5AF3B}.Ad-Hoc|Any CPU.Build.0 = Release|x64
		{05E2C579-D724-4D7C-A325-D01421D5AF3B}.Ad-Hoc|Any CPU.Deploy.0 = Release|x64
		{05E2C579-D724-4D7C-A325-D01421D5AF3B}.Ad-Hoc|ARM.ActiveCfg = Release|ARM
		{05E2C579-D724-4D7C-A325-D01421D5AF3B}.Ad-Hoc|ARM.Build.0 = Release|ARM
		{05E2C579-D724-4D7C-A325-D01421D5AF3B}.Ad-Hoc|ARM.Deploy.0 = Release|ARM
		{05E2C579-D724-4D7C-A325-D01421D5AF3B}.Ad-Hoc|ARM64.ActiveCfg = Release|ARM64
		{05E2C579-D724-4D7C-A325-D01421D5AF3B}.Ad-Hoc|ARM64.Build.0 = Release|ARM64
		{05E2C579-D724-4D7C-A325-D01421D5AF3B}.Ad-Hoc|ARM64.Deploy.0 = Release|ARM64
		{05E2C579-D724-4D7C-A325-D01421D5AF3B}.Ad-Hoc|iPhone.ActiveCfg = Release|x64
		{05E2C579-D724-4D7C-A325-D01421D5AF3B}.Ad-Hoc|iPhone.Build.0 = Release|x64
		{05E2C579-D724-4D7C-A325-D01421D5AF3B}.Ad-Hoc|iPhone.Deploy.0 = Release|x64
		{05E2C579-D724-4D7C-A325-D01421D5AF3B}.Ad-Hoc|iPhoneSimulator.ActiveCfg = Release|x64
		{05E2C579-D724-4D7C-A325-D01421D5AF3B}.Ad-Hoc|iPhoneSimulator.Build.0 = Release|x64
		{05E2C579-D724-4D7C-A325-D01421D5AF3B}.Ad-Hoc|iPhoneSimulator.Deploy.0 = Release|x64
		{05E2C579-D724-4D7C-A325-D01421D5AF3B}.Ad-Hoc|x64.ActiveCfg = Release|x64
		{05E2C579-D724-4D7C-A325-D01421D5AF3B}.Ad-Hoc|x64.Build.0 = Release|x64
		{05E2C579-D724-4D7C-A325-D01421D5AF3B}.Ad-Hoc|x64.Deploy.0 = Release|x64
		{05E2C579-D724-4D7C-A325-D01421D5AF3B}.Ad-Hoc|x86.ActiveCfg = Release|x86
		{05E2C579-D724-4D7C-A325-D01421D5AF3B}.Ad-Hoc|x86.Build.0 = Release|x86
		{05E2C579-D724-4D7C-A325-D01421D5AF3B}.Ad-Hoc|x86.Deploy.0 = Release|x86
		{05E2C579-D724-4D7C-A325-D01421D5AF3B}.AppStore|Any CPU.ActiveCfg = Release|x64
		{05E2C579-D724-4D7C-A325-D01421D5AF3B}.AppStore|Any CPU.Build.0 = Release|x64
		{05E2C579-D724-4D7C-A325-D01421D5AF3B}.AppStore|Any CPU.Deploy.0 = Release|x64
		{05E2C579-D724-4D7C-A325-D01421D5AF3B}.AppStore|ARM.ActiveCfg = Release|ARM
		{05E2C579-D724-4D7C-A325-D01421D5AF3B}.AppStore|ARM.Build.0 = Release|ARM
		{05E2C579-D724-4D7C-A325-D01421D5AF3B}.AppStore|ARM.Deploy.0 = Release|ARM
		{05E2C579-D724-4D7C-A325-D01421D5AF3B}.AppStore|ARM64.ActiveCfg = Release|ARM64
		{05E2C579-D724-4D7C-A325-D01421D5AF3B}.AppStore|ARM64.Build.0 = Release|ARM64
		{05E2C579-D724-4D7C-A325-D01421D5AF3B}.AppStore|ARM64.Deploy.0 = Release|ARM64
		{05E2C579-D724-4D7C-A325-D01421D5AF3B}.AppStore|iPhone.ActiveCfg = Release|x64
		{05E2C579-D724-4D7C-A325-D01421D5AF3B}.AppStore|iPhone.Build.0 = Release|x64
		{05E2C579-D724-4D7C-A325-D01421D5AF3B}.AppStore|iPhone.Deploy.0 = Release|x64
		{05E2C579-D724-4D7C-A325-D01421D5AF3B}.AppStore|iPhoneSimulator.ActiveCfg = Release|x64
		{05E2C579-D724-4D7C-A325-D01421D5AF3B}.AppStore|iPhoneSimulator.Build.0 = Release|x64
		{05E2C579-D724-4D7C-A325-D01421D5AF3B}.AppStore|iPhoneSimulator.Deploy.0 = Release|x64
		{05E2C579-D724-4D7C-A325-D01421D5AF3B}.AppStore|x64.ActiveCfg = Release|x64
		{05E2C579-D724-4D7C-A325-D01421D5AF3B}.AppStore|x64.Build.0 = Release|x64
		{05E2C579-D724-4D7C-A325-D01421D5AF3B}.AppStore|x64.Deploy.0 = Release|x64
		{05E2C579-D724-4D7C-A325-D01421D5AF3B}.AppStore|x86.ActiveCfg = Release|x86
		{05E2C579-D724-4D7C-A325-D01421D5AF3B}.AppStore|x86.Build.0 = Release|x86
		{05E2C579-D724-4D7C-A325-D01421D5AF3B}.AppStore|x86.Deploy.0 = Release|x86
		{05E2C579-D724-4D7C-A325-D01421D5AF3B}.Debug|Any CPU.ActiveCfg = Debug|x86
		{05E2C579-D724-4D7C-A325-D01421D5AF3B}.Debug|ARM.ActiveCfg = Debug|ARM
		{05E2C579-D724-4D7C-A325-D01421D5AF3B}.Debug|ARM.Build.0 = Debug|ARM
		{05E2C579-D724-4D7C-A325-D01421D5AF3B}.Debug|ARM.Deploy.0 = Debug|ARM
		{05E2C579-D724-4D7C-A325-D01421D5AF3B}.Debug|ARM64.ActiveCfg = Debug|ARM64
		{05E2C579-D724-4D7C-A325-D01421D5AF3B}.Debug|ARM64.Build.0 = Debug|ARM64
		{05E2C579-D724-4D7C-A325-D01421D5AF3B}.Debug|ARM64.Deploy.0 = Debug|ARM64
		{05E2C579-D724-4D7C-A325-D01421D5AF3B}.Debug|iPhone.ActiveCfg = Debug|x86
		{05E2C579-D724-4D7C-A325-D01421D5AF3B}.Debug|iPhoneSimulator.ActiveCfg = Debug|x86
		{05E2C579-D724-4D7C-A325-D01421D5AF3B}.Debug|x64.ActiveCfg = Debug|x64
		{05E2C579-D724-4D7C-A325-D01421D5AF3B}.Debug|x64.Build.0 = Debug|x64
		{05E2C579-D724-4D7C-A325-D01421D5AF3B}.Debug|x64.Deploy.0 = Debug|x64
		{05E2C579-D724-4D7C-A325-D01421D5AF3B}.Debug|x86.ActiveCfg = Debug|x86
		{05E2C579-D724-4D7C-A325-D01421D5AF3B}.Debug|x86.Build.0 = Debug|x86
		{05E2C579-D724-4D7C-A325-D01421D5AF3B}.Debug|x86.Deploy.0 = Debug|x86
		{05E2C579-D724-4D7C-A325-D01421D5AF3B}.Release|Any CPU.ActiveCfg = Release|x86
		{05E2C579-D724-4D7C-A325-D01421D5AF3B}.Release|ARM.ActiveCfg = Release|ARM
		{05E2C579-D724-4D7C-A325-D01421D5AF3B}.Release|ARM.Build.0 = Release|ARM
		{05E2C579-D724-4D7C-A325-D01421D5AF3B}.Release|ARM.Deploy.0 = Release|ARM
		{05E2C579-D724-4D7C-A325-D01421D5AF3B}.Release|ARM64.ActiveCfg = Release|ARM64
		{05E2C579-D724-4D7C-A325-D01421D5AF3B}.Release|ARM64.Build.0 = Release|ARM64
		{05E2C579-D724-4D7C-A325-D01421D5AF3B}.Release|ARM64.Deploy.0 = Release|ARM64
		{05E2C579-D724-4D7C-A325-D01421D5AF3B}.Release|iPhone.ActiveCfg = Release|x86
		{05E2C579-D724-4D7C-A325-D01421D5AF3B}.Release|iPhoneSimulator.ActiveCfg = Release|x86
		{05E2C579-D724-4D7C-A325-D01421D5AF3B}.Release|x64.ActiveCfg = Release|x64
		{05E2C579-D724-4D7C-A325-D01421D5AF3B}.Release|x64.Build.0 = Release|x64
		{05E2C579-D724-4D7C-A325-D01421D5AF3B}.Release|x64.Deploy.0 = Release|x64
		{05E2C579-D724-4D7C-A325-D01421D5AF3B}.Release|x86.ActiveCfg = Release|x86
		{05E2C579-D724-4D7C-A325-D01421D5AF3B}.Release|x86.Build.0 = Release|x86
		{05E2C579-D724-4D7C-A325-D01421D5AF3B}.Release|x86.Deploy.0 = Release|x86
		{E499A41B-4DC7-45D2-8E42-3953B11D6A0D}.Ad-Hoc|Any CPU.ActiveCfg = Debug|Any CPU
		{E499A41B-4DC7-45D2-8E42-3953B11D6A0D}.Ad-Hoc|Any CPU.Build.0 = Debug|Any CPU
		{E499A41B-4DC7-45D2-8E42-3953B11D6A0D}.Ad-Hoc|ARM.ActiveCfg = Debug|Any CPU
		{E499A41B-4DC7-45D2-8E42-3953B11D6A0D}.Ad-Hoc|ARM.Build.0 = Debug|Any CPU
		{E499A41B-4DC7-45D2-8E42-3953B11D6A0D}.Ad-Hoc|ARM64.ActiveCfg = Debug|Any CPU
		{E499A41B-4DC7-45D2-8E42-3953B11D6A0D}.Ad-Hoc|ARM64.Build.0 = Debug|Any CPU
		{E499A41B-4DC7-45D2-8E42-3953B11D6A0D}.Ad-Hoc|iPhone.ActiveCfg = Debug|Any CPU
		{E499A41B-4DC7-45D2-8E42-3953B11D6A0D}.Ad-Hoc|iPhone.Build.0 = Debug|Any CPU
		{E499A41B-4DC7-45D2-8E42-3953B11D6A0D}.Ad-Hoc|iPhoneSimulator.ActiveCfg = Debug|Any CPU
		{E499A41B-4DC7-45D2-8E42-3953B11D6A0D}.Ad-Hoc|iPhoneSimulator.Build.0 = Debug|Any CPU
		{E499A41B-4DC7-45D2-8E42-3953B11D6A0D}.Ad-Hoc|x64.ActiveCfg = Debug|Any CPU
		{E499A41B-4DC7-45D2-8E42-3953B11D6A0D}.Ad-Hoc|x64.Build.0 = Debug|Any CPU
		{E499A41B-4DC7-45D2-8E42-3953B11D6A0D}.Ad-Hoc|x86.ActiveCfg = Debug|Any CPU
		{E499A41B-4DC7-45D2-8E42-3953B11D6A0D}.Ad-Hoc|x86.Build.0 = Debug|Any CPU
		{E499A41B-4DC7-45D2-8E42-3953B11D6A0D}.AppStore|Any CPU.ActiveCfg = Debug|Any CPU
		{E499A41B-4DC7-45D2-8E42-3953B11D6A0D}.AppStore|Any CPU.Build.0 = Debug|Any CPU
		{E499A41B-4DC7-45D2-8E42-3953B11D6A0D}.AppStore|ARM.ActiveCfg = Debug|Any CPU
		{E499A41B-4DC7-45D2-8E42-3953B11D6A0D}.AppStore|ARM.Build.0 = Debug|Any CPU
		{E499A41B-4DC7-45D2-8E42-3953B11D6A0D}.AppStore|ARM64.ActiveCfg = Debug|Any CPU
		{E499A41B-4DC7-45D2-8E42-3953B11D6A0D}.AppStore|ARM64.Build.0 = Debug|Any CPU
		{E499A41B-4DC7-45D2-8E42-3953B11D6A0D}.AppStore|iPhone.ActiveCfg = Debug|Any CPU
		{E499A41B-4DC7-45D2-8E42-3953B11D6A0D}.AppStore|iPhone.Build.0 = Debug|Any CPU
		{E499A41B-4DC7-45D2-8E42-3953B11D6A0D}.AppStore|iPhoneSimulator.ActiveCfg = Debug|Any CPU
		{E499A41B-4DC7-45D2-8E42-3953B11D6A0D}.AppStore|iPhoneSimulator.Build.0 = Debug|Any CPU
		{E499A41B-4DC7-45D2-8E42-3953B11D6A0D}.AppStore|x64.ActiveCfg = Debug|Any CPU
		{E499A41B-4DC7-45D2-8E42-3953B11D6A0D}.AppStore|x64.Build.0 = Debug|Any CPU
		{E499A41B-4DC7-45D2-8E42-3953B11D6A0D}.AppStore|x86.ActiveCfg = Debug|Any CPU
		{E499A41B-4DC7-45D2-8E42-3953B11D6A0D}.AppStore|x86.Build.0 = Debug|Any CPU
		{E499A41B-4DC7-45D2-8E42-3953B11D6A0D}.Debug|Any CPU.ActiveCfg = Debug|Any CPU
		{E499A41B-4DC7-45D2-8E42-3953B11D6A0D}.Debug|Any CPU.Build.0 = Debug|Any CPU
		{E499A41B-4DC7-45D2-8E42-3953B11D6A0D}.Debug|ARM.ActiveCfg = Debug|Any CPU
		{E499A41B-4DC7-45D2-8E42-3953B11D6A0D}.Debug|ARM.Build.0 = Debug|Any CPU
		{E499A41B-4DC7-45D2-8E42-3953B11D6A0D}.Debug|ARM64.ActiveCfg = Debug|Any CPU
		{E499A41B-4DC7-45D2-8E42-3953B11D6A0D}.Debug|ARM64.Build.0 = Debug|Any CPU
		{E499A41B-4DC7-45D2-8E42-3953B11D6A0D}.Debug|iPhone.ActiveCfg = Debug|Any CPU
		{E499A41B-4DC7-45D2-8E42-3953B11D6A0D}.Debug|iPhone.Build.0 = Debug|Any CPU
		{E499A41B-4DC7-45D2-8E42-3953B11D6A0D}.Debug|iPhoneSimulator.ActiveCfg = Debug|Any CPU
		{E499A41B-4DC7-45D2-8E42-3953B11D6A0D}.Debug|iPhoneSimulator.Build.0 = Debug|Any CPU
		{E499A41B-4DC7-45D2-8E42-3953B11D6A0D}.Debug|x64.ActiveCfg = Debug|Any CPU
		{E499A41B-4DC7-45D2-8E42-3953B11D6A0D}.Debug|x64.Build.0 = Debug|Any CPU
		{E499A41B-4DC7-45D2-8E42-3953B11D6A0D}.Debug|x86.ActiveCfg = Debug|Any CPU
		{E499A41B-4DC7-45D2-8E42-3953B11D6A0D}.Debug|x86.Build.0 = Debug|Any CPU
		{E499A41B-4DC7-45D2-8E42-3953B11D6A0D}.Release|Any CPU.ActiveCfg = Release|Any CPU
		{E499A41B-4DC7-45D2-8E42-3953B11D6A0D}.Release|Any CPU.Build.0 = Release|Any CPU
		{E499A41B-4DC7-45D2-8E42-3953B11D6A0D}.Release|ARM.ActiveCfg = Release|Any CPU
		{E499A41B-4DC7-45D2-8E42-3953B11D6A0D}.Release|ARM.Build.0 = Release|Any CPU
		{E499A41B-4DC7-45D2-8E42-3953B11D6A0D}.Release|ARM64.ActiveCfg = Release|Any CPU
		{E499A41B-4DC7-45D2-8E42-3953B11D6A0D}.Release|ARM64.Build.0 = Release|Any CPU
		{E499A41B-4DC7-45D2-8E42-3953B11D6A0D}.Release|iPhone.ActiveCfg = Release|Any CPU
		{E499A41B-4DC7-45D2-8E42-3953B11D6A0D}.Release|iPhone.Build.0 = Release|Any CPU
		{E499A41B-4DC7-45D2-8E42-3953B11D6A0D}.Release|iPhoneSimulator.ActiveCfg = Release|Any CPU
		{E499A41B-4DC7-45D2-8E42-3953B11D6A0D}.Release|iPhoneSimulator.Build.0 = Release|Any CPU
		{E499A41B-4DC7-45D2-8E42-3953B11D6A0D}.Release|x64.ActiveCfg = Release|Any CPU
		{E499A41B-4DC7-45D2-8E42-3953B11D6A0D}.Release|x64.Build.0 = Release|Any CPU
		{E499A41B-4DC7-45D2-8E42-3953B11D6A0D}.Release|x86.ActiveCfg = Release|Any CPU
		{E499A41B-4DC7-45D2-8E42-3953B11D6A0D}.Release|x86.Build.0 = Release|Any CPU
		{6A8199A0-CFF3-4F35-929C-0AE80B4A72C8}.Ad-Hoc|Any CPU.ActiveCfg = Release|iPhoneSimulator
		{6A8199A0-CFF3-4F35-929C-0AE80B4A72C8}.Ad-Hoc|Any CPU.Build.0 = Release|iPhoneSimulator
		{6A8199A0-CFF3-4F35-929C-0AE80B4A72C8}.Ad-Hoc|ARM.ActiveCfg = Release|iPhoneSimulator
		{6A8199A0-CFF3-4F35-929C-0AE80B4A72C8}.Ad-Hoc|ARM.Build.0 = Release|iPhoneSimulator
		{6A8199A0-CFF3-4F35-929C-0AE80B4A72C8}.Ad-Hoc|ARM64.ActiveCfg = Release|iPhoneSimulator
		{6A8199A0-CFF3-4F35-929C-0AE80B4A72C8}.Ad-Hoc|ARM64.Build.0 = Release|iPhoneSimulator
		{6A8199A0-CFF3-4F35-929C-0AE80B4A72C8}.Ad-Hoc|iPhone.ActiveCfg = Release|iPhoneSimulator
		{6A8199A0-CFF3-4F35-929C-0AE80B4A72C8}.Ad-Hoc|iPhone.Build.0 = Release|iPhoneSimulator
		{6A8199A0-CFF3-4F35-929C-0AE80B4A72C8}.Ad-Hoc|iPhoneSimulator.ActiveCfg = Release|iPhoneSimulator
		{6A8199A0-CFF3-4F35-929C-0AE80B4A72C8}.Ad-Hoc|iPhoneSimulator.Build.0 = Release|iPhoneSimulator
		{6A8199A0-CFF3-4F35-929C-0AE80B4A72C8}.Ad-Hoc|x64.ActiveCfg = Release|iPhoneSimulator
		{6A8199A0-CFF3-4F35-929C-0AE80B4A72C8}.Ad-Hoc|x64.Build.0 = Release|iPhoneSimulator
		{6A8199A0-CFF3-4F35-929C-0AE80B4A72C8}.Ad-Hoc|x86.ActiveCfg = Release|iPhoneSimulator
		{6A8199A0-CFF3-4F35-929C-0AE80B4A72C8}.Ad-Hoc|x86.Build.0 = Release|iPhoneSimulator
		{6A8199A0-CFF3-4F35-929C-0AE80B4A72C8}.AppStore|Any CPU.ActiveCfg = Release|iPhoneSimulator
		{6A8199A0-CFF3-4F35-929C-0AE80B4A72C8}.AppStore|Any CPU.Build.0 = Release|iPhoneSimulator
		{6A8199A0-CFF3-4F35-929C-0AE80B4A72C8}.AppStore|ARM.ActiveCfg = Release|iPhoneSimulator
		{6A8199A0-CFF3-4F35-929C-0AE80B4A72C8}.AppStore|ARM.Build.0 = Release|iPhoneSimulator
		{6A8199A0-CFF3-4F35-929C-0AE80B4A72C8}.AppStore|ARM64.ActiveCfg = Release|iPhoneSimulator
		{6A8199A0-CFF3-4F35-929C-0AE80B4A72C8}.AppStore|ARM64.Build.0 = Release|iPhoneSimulator
		{6A8199A0-CFF3-4F35-929C-0AE80B4A72C8}.AppStore|iPhone.ActiveCfg = Release|iPhoneSimulator
		{6A8199A0-CFF3-4F35-929C-0AE80B4A72C8}.AppStore|iPhone.Build.0 = Release|iPhoneSimulator
		{6A8199A0-CFF3-4F35-929C-0AE80B4A72C8}.AppStore|iPhoneSimulator.ActiveCfg = Release|iPhoneSimulator
		{6A8199A0-CFF3-4F35-929C-0AE80B4A72C8}.AppStore|iPhoneSimulator.Build.0 = Release|iPhoneSimulator
		{6A8199A0-CFF3-4F35-929C-0AE80B4A72C8}.AppStore|x64.ActiveCfg = Release|iPhoneSimulator
		{6A8199A0-CFF3-4F35-929C-0AE80B4A72C8}.AppStore|x64.Build.0 = Release|iPhoneSimulator
		{6A8199A0-CFF3-4F35-929C-0AE80B4A72C8}.AppStore|x86.ActiveCfg = Release|iPhoneSimulator
		{6A8199A0-CFF3-4F35-929C-0AE80B4A72C8}.AppStore|x86.Build.0 = Release|iPhoneSimulator
		{6A8199A0-CFF3-4F35-929C-0AE80B4A72C8}.Debug|Any CPU.ActiveCfg = Debug|iPhoneSimulator
		{6A8199A0-CFF3-4F35-929C-0AE80B4A72C8}.Debug|ARM.ActiveCfg = Debug|iPhoneSimulator
		{6A8199A0-CFF3-4F35-929C-0AE80B4A72C8}.Debug|ARM64.ActiveCfg = Debug|iPhoneSimulator
		{6A8199A0-CFF3-4F35-929C-0AE80B4A72C8}.Debug|iPhone.ActiveCfg = Debug|iPhoneSimulator
		{6A8199A0-CFF3-4F35-929C-0AE80B4A72C8}.Debug|iPhoneSimulator.ActiveCfg = Debug|iPhoneSimulator
		{6A8199A0-CFF3-4F35-929C-0AE80B4A72C8}.Debug|iPhoneSimulator.Build.0 = Debug|iPhoneSimulator
		{6A8199A0-CFF3-4F35-929C-0AE80B4A72C8}.Debug|x64.ActiveCfg = Debug|iPhoneSimulator
		{6A8199A0-CFF3-4F35-929C-0AE80B4A72C8}.Debug|x86.ActiveCfg = Debug|iPhoneSimulator
		{6A8199A0-CFF3-4F35-929C-0AE80B4A72C8}.Release|Any CPU.ActiveCfg = Release|iPhoneSimulator
		{6A8199A0-CFF3-4F35-929C-0AE80B4A72C8}.Release|ARM.ActiveCfg = Release|iPhoneSimulator
		{6A8199A0-CFF3-4F35-929C-0AE80B4A72C8}.Release|ARM64.ActiveCfg = Release|iPhoneSimulator
		{6A8199A0-CFF3-4F35-929C-0AE80B4A72C8}.Release|iPhone.ActiveCfg = Release|iPhoneSimulator
		{6A8199A0-CFF3-4F35-929C-0AE80B4A72C8}.Release|iPhoneSimulator.ActiveCfg = Release|iPhoneSimulator
		{6A8199A0-CFF3-4F35-929C-0AE80B4A72C8}.Release|iPhoneSimulator.Build.0 = Release|iPhoneSimulator
		{6A8199A0-CFF3-4F35-929C-0AE80B4A72C8}.Release|x64.ActiveCfg = Release|iPhoneSimulator
		{6A8199A0-CFF3-4F35-929C-0AE80B4A72C8}.Release|x86.ActiveCfg = Release|iPhoneSimulator
	EndGlobalSection
	GlobalSection(SolutionProperties) = preSolution
		HideSolutionNode = FALSE
	EndGlobalSection
	GlobalSection(ExtensibilityGlobals) = postSolution
		SolutionGuid = {616F9DBC-CD76-4485-94D8-8011E60171A4}
	EndGlobalSection
EndGlobal
